
Microsoft Visual Studio Solution File, Format Version 12.00
# Visual Studio Version 17
VisualStudioVersion = 17.5.33530.505
MinimumVisualStudioVersion = 10.0.40219.1
Project("{2150E333-8FDC-42A3-9474-1A3956D46DE8}") = "Microservices", "Microservices", "{920B351C-E5CD-4316-AAC6-349ED4C5D2CA}"
EndProject
Project("{9A19103F-16F7-4668-BE54-9A1E7A4F7556}") = "Sliit.MTIT.Ocelote", "Sliit.MTIT.Ocelote\Sliit.MTIT.Ocelote.csproj", "{2D8B1F2A-A4F6-435F-87B8-6616BD2E7D76}"
EndProject
Project("{9A19103F-16F7-4668-BE54-9A1E7A4F7556}") = "Sliit.MTIT.Customer", "Sliit.MTIT.Customer\Sliit.MTIT.Customer.csproj", "{E26BEBCD-B0D0-45D4-B2A8-0CDB4023CD26}"
EndProject
Project("{9A19103F-16F7-4668-BE54-9A1E7A4F7556}") = "Sliit.MTIT.Content", "Sliit.MTIT.Content\Sliit.MTIT.Content.csproj", "{7A5DCB65-8980-4350-9EDF-B47FB783F6E2}"
EndProject
Project("{9A19103F-16F7-4668-BE54-9A1E7A4F7556}") = "Sliit.MTIT.Payment", "Sliit.MTIT.Payment\Sliit.MTIT.Payment.csproj", "{FA561028-D548-416E-AB12-8419381E6095}"
EndProject
Project("{FAE04EC0-301F-11D3-BF4B-00C04F79EFBC}") = "Sliit.MTIT.Event", "Sliit.MTIT.Event\Sliit.MTIT.Event.csproj", "{DF753D73-9E59-497D-B57B-AB552886624C}"
EndProject
Global
	GlobalSection(SolutionConfigurationPlatforms) = preSolution
		Debug|Any CPU = Debug|Any CPU
		Release|Any CPU = Release|Any CPU
	EndGlobalSection
	GlobalSection(ProjectConfigurationPlatforms) = postSolution
		{2D8B1F2A-A4F6-435F-87B8-6616BD2E7D76}.Debug|Any CPU.ActiveCfg = Debug|Any CPU
		{2D8B1F2A-A4F6-435F-87B8-6616BD2E7D76}.Debug|Any CPU.Build.0 = Debug|Any CPU
		{2D8B1F2A-A4F6-435F-87B8-6616BD2E7D76}.Release|Any CPU.ActiveCfg = Release|Any CPU
		{2D8B1F2A-A4F6-435F-87B8-6616BD2E7D76}.Release|Any CPU.Build.0 = Release|Any CPU
		{E26BEBCD-B0D0-45D4-B2A8-0CDB4023CD26}.Debug|Any CPU.ActiveCfg = Debug|Any CPU
		{E26BEBCD-B0D0-45D4-B2A8-0CDB4023CD26}.Debug|Any CPU.Build.0 = Debug|Any CPU
		{E26BEBCD-B0D0-45D4-B2A8-0CDB4023CD26}.Release|Any CPU.ActiveCfg = Release|Any CPU
		{E26BEBCD-B0D0-45D4-B2A8-0CDB4023CD26}.Release|Any CPU.Build.0 = Release|Any CPU
		{7A5DCB65-8980-4350-9EDF-B47FB783F6E2}.Debug|Any CPU.ActiveCfg = Debug|Any CPU
		{7A5DCB65-8980-4350-9EDF-B47FB783F6E2}.Debug|Any CPU.Build.0 = Debug|Any CPU
		{7A5DCB65-8980-4350-9EDF-B47FB783F6E2}.Release|Any CPU.ActiveCfg = Release|Any CPU
		{7A5DCB65-8980-4350-9EDF-B47FB783F6E2}.Release|Any CPU.Build.0 = Release|Any CPU
		{FA561028-D548-416E-AB12-8419381E6095}.Debug|Any CPU.ActiveCfg = Debug|Any CPU
		{FA561028-D548-416E-AB12-8419381E6095}.Debug|Any CPU.Build.0 = Debug|Any CPU
		{FA561028-D548-416E-AB12-8419381E6095}.Release|Any CPU.ActiveCfg = Release|Any CPU
		{FA561028-D548-416E-AB12-8419381E6095}.Release|Any CPU.Build.0 = Release|Any CPU
		{DF753D73-9E59-497D-B57B-AB552886624C}.Debug|Any CPU.ActiveCfg = Debug|Any CPU
		{DF753D73-9E59-497D-B57B-AB552886624C}.Debug|Any CPU.Build.0 = Debug|Any CPU
		{DF753D73-9E59-497D-B57B-AB552886624C}.Release|Any CPU.ActiveCfg = Release|Any CPU
		{DF753D73-9E59-497D-B57B-AB552886624C}.Release|Any CPU.Build.0 = Release|Any CPU
	EndGlobalSection
	GlobalSection(SolutionProperties) = preSolution
		HideSolutionNode = FALSE
	EndGlobalSection
	GlobalSection(NestedProjects) = preSolution
		{2D8B1F2A-A4F6-435F-87B8-6616BD2E7D76} = {920B351C-E5CD-4316-AAC6-349ED4C5D2CA}
		{E26BEBCD-B0D0-45D4-B2A8-0CDB4023CD26} = {920B351C-E5CD-4316-AAC6-349ED4C5D2CA}
		{7A5DCB65-8980-4350-9EDF-B47FB783F6E2} = {920B351C-E5CD-4316-AAC6-349ED4C5D2CA}
		{FA561028-D548-416E-AB12-8419381E6095} = {920B351C-E5CD-4316-AAC6-349ED4C5D2CA}
		{DF753D73-9E59-497D-B57B-AB552886624C} = {920B351C-E5CD-4316-AAC6-349ED4C5D2CA}
	EndGlobalSection
	GlobalSection(ExtensibilityGlobals) = postSolution
		SolutionGuid = {7A304655-AA02-4621-BF9E-8FC690B82347}
	EndGlobalSection
EndGlobal
